{
  "requires": true,
  "lockfileVersion": 1,
  "dependencies": {
    "array-find-index": {
      "version": "1.0.2",
      "resolved": "https://registry.npmjs.org/array-find-index/-/array-find-index-1.0.2.tgz",
      "integrity": "sha1-3wEKoSh+Fku9pvlyOwqWoexBh6E="
    },
    "mint-ui": {
      "version": "2.2.13",
      "resolved": "https://registry.npmjs.org/mint-ui/-/mint-ui-2.2.13.tgz",
      "integrity": "sha512-Xz1SFagHSzKOprwQv3fcekXT5RJvhh939zwZHcWeazk1OJrCjsD4I2qm49AEUCfT1AoYzC+rsZIwGP/J6LwVVw==",
      "requires": {
        "array-find-index": "1.0.2",
        "raf.js": "0.0.4",
        "vue-lazyload": "1.2.6"
      }
    },
    "raf.js": {
      "version": "0.0.4",
      "resolved": "https://registry.npmjs.org/raf.js/-/raf.js-0.0.4.tgz",
      "integrity": "sha1-8Vr0RdJBsn+nExpXRQtn75xAL+w="
    },
    "vue-lazyload": {
      "version": "1.2.6",
      "resolved": "https://registry.npmjs.org/vue-lazyload/-/vue-lazyload-1.2.6.tgz",
      "integrity": "sha512-6a61+pzwcfowhLRQiPdmRuJ40n/4fL/sEynu8KQZoCf5RVA0NH0X68vplLY0+lUM8mKNScYomaepV+hdjgnZhg=="
    }
  }
}
